{
  "version": 4,
  "terraform_version": "1.4.4",
  "serial": 97,
  "lineage": "ca86cf9a-7b68-4b3b-1f9d-cee15b62bd64",
  "outputs": {},
  "resources": [
    {
      "module": "module.eventbridge",
      "mode": "managed",
      "type": "aws_cloudwatch_event_bus",
      "name": "this",
      "provider": "provider[\"registry.terraform.io/hashicorp/aws\"]",
      "instances": [
        {
          "index_key": 0,
          "schema_version": 0,
          "attributes": {
            "arn": "arn:aws:events:us-east-1:036286404267:event-bus/LCRbus",
            "event_source_name": null,
            "id": "LCRbus",
            "name": "LCRbus",
            "tags": {
              "Name": "LCRbus"
            },
            "tags_all": {
              "Name": "LCRbus"
            }
          },
          "sensitive_attributes": [],
          "private": "bnVsbA=="
        }
      ]
    }
  ],
  "check_results": null
}
